// !$*UTF8*$!
{
	archiveVersion = 1;
	classes = {
	};
	objectVersion = 46;
	objects = {

/* Begin PBXBuildFile section */
		710B480F1EA05F7D0000D42D /* XNNewsVCCell.swift in Sources */ = {isa = PBXBuildFile; fileRef = 710B480E1EA05F7D0000D42D /* XNNewsVCCell.swift */; };
		710B48121EA06DE00000D42D /* XNHeadlineController.swift in Sources */ = {isa = PBXBuildFile; fileRef = 710B48111EA06DE00000D42D /* XNHeadlineController.swift */; };
		710B48141EA06DEF0000D42D /* XNNetGaemController.swift in Sources */ = {isa = PBXBuildFile; fileRef = 710B48131EA06DEF0000D42D /* XNNetGaemController.swift */; };
		710B48161EA06DFC0000D42D /* XNHandGameController.swift in Sources */ = {isa = PBXBuildFile; fileRef = 710B48151EA06DFC0000D42D /* XNHandGameController.swift */; };
		710B48181EA06E0B0000D42D /* XNMechineController.swift in Sources */ = {isa = PBXBuildFile; fileRef = 710B48171EA06E0B0000D42D /* XNMechineController.swift */; };
		710B481A1EA06E1E0000D42D /* XNECController.swift in Sources */ = {isa = PBXBuildFile; fileRef = 710B48191EA06E1E0000D42D /* XNECController.swift */; };
		710B481C1EA06E2A0000D42D /* XNStormController.swift in Sources */ = {isa = PBXBuildFile; fileRef = 710B481B1EA06E2A0000D42D /* XNStormController.swift */; };
		71193AC41E9DB9720026D228 /* comon_refresh_button@2x.png in Resources */ = {isa = PBXBuildFile; fileRef = 71193A671E9DB9720026D228 /* comon_refresh_button@2x.png */; };
		71193AC51E9DB9720026D228 /* comon_refresh_button@3x.png in Resources */ = {isa = PBXBuildFile; fileRef = 71193A681E9DB9720026D228 /* comon_refresh_button@3x.png */; };
		71193AC61E9DB9720026D228 /* loading_step1@2x.png in Resources */ = {isa = PBXBuildFile; fileRef = 71193A6A1E9DB9720026D228 /* loading_step1@2x.png */; };
		71193AC71E9DB9720026D228 /* loading_step1@3x.png in Resources */ = {isa = PBXBuildFile; fileRef = 71193A6B1E9DB9720026D228 /* loading_step1@3x.png */; };
		71193AC81E9DB9720026D228 /* loading_step2@2x.png in Resources */ = {isa = PBXBuildFile; fileRef = 71193A6D1E9DB9720026D228 /* loading_step2@2x.png */; };
		71193AC91E9DB9720026D228 /* loading_step2@3x.png in Resources */ = {isa = PBXBuildFile; fileRef = 71193A6E1E9DB9720026D228 /* loading_step2@3x.png */; };
		71193ACA1E9DB9720026D228 /* loading_step3@2x.png in Resources */ = {isa = PBXBuildFile; fileRef = 71193A701E9DB9720026D228 /* loading_step3@2x.png */; };
		71193ACB1E9DB9720026D228 /* loading_step3@3x.png in Resources */ = {isa = PBXBuildFile; fileRef = 71193A711E9DB9720026D228 /* loading_step3@3x.png */; };
		71193ACC1E9DB9720026D228 /* loading_step4@2x.png in Resources */ = {isa = PBXBuildFile; fileRef = 71193A731E9DB9720026D228 /* loading_step4@2x.png */; };
		71193ACD1E9DB9720026D228 /* loading_step4@3x.png in Resources */ = {isa = PBXBuildFile; fileRef = 71193A741E9DB9720026D228 /* loading_step4@3x.png */; };
		71193ACE1E9DB9720026D228 /* loading_step5@2x.png in Resources */ = {isa = PBXBuildFile; fileRef = 71193A761E9DB9720026D228 /* loading_step5@2x.png */; };
		71193ACF1E9DB9720026D228 /* loading_step5@3x.png in Resources */ = {isa = PBXBuildFile; fileRef = 71193A771E9DB9720026D228 /* loading_step5@3x.png */; };
		71193AD01E9DB9720026D228 /* loading_step6@2x.png in Resources */ = {isa = PBXBuildFile; fileRef = 71193A791E9DB9720026D228 /* loading_step6@2x.png */; };
		71193AD11E9DB9720026D228 /* loading_step6@3x.png in Resources */ = {isa = PBXBuildFile; fileRef = 71193A7A1E9DB9720026D228 /* loading_step6@3x.png */; };
		71193AD21E9DB9720026D228 /* refresh1@2x.png in Resources */ = {isa = PBXBuildFile; fileRef = 71193A7C1E9DB9720026D228 /* refresh1@2x.png */; };
		71193AD31E9DB9720026D228 /* refresh1@3x.png in Resources */ = {isa = PBXBuildFile; fileRef = 71193A7D1E9DB9720026D228 /* refresh1@3x.png */; };
		71193AD41E9DB9720026D228 /* refresh2@2x.png in Resources */ = {isa = PBXBuildFile; fileRef = 71193A7F1E9DB9720026D228 /* refresh2@2x.png */; };
		71193AD51E9DB9720026D228 /* refresh2@3x.png in Resources */ = {isa = PBXBuildFile; fileRef = 71193A801E9DB9720026D228 /* refresh2@3x.png */; };
		71193AD61E9DB9720026D228 /* refresh3@2x.png in Resources */ = {isa = PBXBuildFile; fileRef = 71193A821E9DB9720026D228 /* refresh3@2x.png */; };
		71193AD71E9DB9720026D228 /* refresh3@3x.png in Resources */ = {isa = PBXBuildFile; fileRef = 71193A831E9DB9720026D228 /* refresh3@3x.png */; };
		71193AD81E9DB9720026D228 /* refresh4@2x.png in Resources */ = {isa = PBXBuildFile; fileRef = 71193A851E9DB9720026D228 /* refresh4@2x.png */; };
		71193AD91E9DB9720026D228 /* refresh4@3x.png in Resources */ = {isa = PBXBuildFile; fileRef = 71193A861E9DB9720026D228 /* refresh4@3x.png */; };
		71193ADA1E9DB9720026D228 /* btn_pgsubject_btndec@2x.png in Resources */ = {isa = PBXBuildFile; fileRef = 71193A891E9DB9720026D228 /* btn_pgsubject_btndec@2x.png */; };
		71193ADB1E9DB9720026D228 /* btn_pgsubject_search@2x.png in Resources */ = {isa = PBXBuildFile; fileRef = 71193A8B1E9DB9720026D228 /* btn_pgsubject_search@2x.png */; };
		71193ADC1E9DB9720026D228 /* icon_jx_nomal_pgall@2x.png in Resources */ = {isa = PBXBuildFile; fileRef = 71193A8D1E9DB9720026D228 /* icon_jx_nomal_pgall@2x.png */; };
		71193ADD1E9DB9720026D228 /* icon_jx_nomal_pgall@3x.png in Resources */ = {isa = PBXBuildFile; fileRef = 71193A8E1E9DB9720026D228 /* icon_jx_nomal_pgall@3x.png */; };
		71193ADE1E9DB9720026D228 /* icon_jx_pressed_pgall@2x.png in Resources */ = {isa = PBXBuildFile; fileRef = 71193A901E9DB9720026D228 /* icon_jx_pressed_pgall@2x.png */; };
		71193ADF1E9DB9720026D228 /* icon_jx_pressed_pgall@3x.png in Resources */ = {isa = PBXBuildFile; fileRef = 71193A911E9DB9720026D228 /* icon_jx_pressed_pgall@3x.png */; };
		71193AE01E9DB9720026D228 /* icon_sq_nomal_pgall@2x.png in Resources */ = {isa = PBXBuildFile; fileRef = 71193A931E9DB9720026D228 /* icon_sq_nomal_pgall@2x.png */; };
		71193AE11E9DB9720026D228 /* icon_sq_nomal_pgall@3x.png in Resources */ = {isa = PBXBuildFile; fileRef = 71193A941E9DB9720026D228 /* icon_sq_nomal_pgall@3x.png */; };
		71193AE21E9DB9720026D228 /* icon_sq_pressed_pgall@2x.png in Resources */ = {isa = PBXBuildFile; fileRef = 71193A961E9DB9720026D228 /* icon_sq_pressed_pgall@2x.png */; };
		71193AE31E9DB9720026D228 /* icon_sq_pressed_pgall@3x.png in Resources */ = {isa = PBXBuildFile; fileRef = 71193A971E9DB9720026D228 /* icon_sq_pressed_pgall@3x.png */; };
		71193AE41E9DB9720026D228 /* icon_w_nomal_pgall@2x.png in Resources */ = {isa = PBXBuildFile; fileRef = 71193A991E9DB9720026D228 /* icon_w_nomal_pgall@2x.png */; };
		71193AE51E9DB9720026D228 /* icon_w_nomal_pgall@3x.png in Resources */ = {isa = PBXBuildFile; fileRef = 71193A9A1E9DB9720026D228 /* icon_w_nomal_pgall@3x.png */; };
		71193AE61E9DB9720026D228 /* icon_w_pressed_pgall@2x.png in Resources */ = {isa = PBXBuildFile; fileRef = 71193A9C1E9DB9720026D228 /* icon_w_pressed_pgall@2x.png */; };
		71193AE71E9DB9720026D228 /* icon_w_pressed_pgall@3x.png in Resources */ = {isa = PBXBuildFile; fileRef = 71193A9D1E9DB9720026D228 /* icon_w_pressed_pgall@3x.png */; };
		71193AE81E9DB9720026D228 /* icon_zx_nomal_pgall@2x.png in Resources */ = {isa = PBXBuildFile; fileRef = 71193A9F1E9DB9720026D228 /* icon_zx_nomal_pgall@2x.png */; };
		71193AE91E9DB9720026D228 /* icon_zx_nomal_pgall@3x.png in Resources */ = {isa = PBXBuildFile; fileRef = 71193AA01E9DB9720026D228 /* icon_zx_nomal_pgall@3x.png */; };
		71193AEA1E9DB9720026D228 /* icon_zx_pressed_pgall@2x.png in Resources */ = {isa = PBXBuildFile; fileRef = 71193AA21E9DB9720026D228 /* icon_zx_pressed_pgall@2x.png */; };
		71193AEB1E9DB9720026D228 /* icon_zx_pressed_pgall@3x.png in Resources */ = {isa = PBXBuildFile; fileRef = 71193AA31E9DB9720026D228 /* icon_zx_pressed_pgall@3x.png */; };
		71193AEC1E9DB9720026D228 /* img_pgsubject_searchbg@2x.png in Resources */ = {isa = PBXBuildFile; fileRef = 71193AA51E9DB9720026D228 /* img_pgsubject_searchbg@2x.png */; };
		71193AED1E9DB9720026D228 /* tabbartop-line@2x.png in Resources */ = {isa = PBXBuildFile; fileRef = 71193AA71E9DB9720026D228 /* tabbartop-line@2x.png */; };
		71193AEE1E9DB9720026D228 /* tabbartop-line@3x.png in Resources */ = {isa = PBXBuildFile; fileRef = 71193AA81E9DB9720026D228 /* tabbartop-line@3x.png */; };
		71193AEF1E9DB9720026D228 /* bg_pgmy@2x.png in Resources */ = {isa = PBXBuildFile; fileRef = 71193AAB1E9DB9720026D228 /* bg_pgmy@2x.png */; };
		71193AF01E9DB9720026D228 /* bg_pgmy@3x.png in Resources */ = {isa = PBXBuildFile; fileRef = 71193AAC1E9DB9720026D228 /* bg_pgmy@3x.png */; };
		71193AF11E9DB9720026D228 /* common_right_arrow@2x.png in Resources */ = {isa = PBXBuildFile; fileRef = 71193AAE1E9DB9720026D228 /* common_right_arrow@2x.png */; };
		71193AF21E9DB9720026D228 /* common_right_arrow@3x.png in Resources */ = {isa = PBXBuildFile; fileRef = 71193AAF1E9DB9720026D228 /* common_right_arrow@3x.png */; };
		71193AF31E9DB9720026D228 /* mine_gift_img@2x.png in Resources */ = {isa = PBXBuildFile; fileRef = 71193AB11E9DB9720026D228 /* mine_gift_img@2x.png */; };
		71193AF41E9DB9720026D228 /* mine_gift_img@3x.png in Resources */ = {isa = PBXBuildFile; fileRef = 71193AB21E9DB9720026D228 /* mine_gift_img@3x.png */; };
		71193AF51E9DB9720026D228 /* mine_main_default_head@2x.png in Resources */ = {isa = PBXBuildFile; fileRef = 71193AB41E9DB9720026D228 /* mine_main_default_head@2x.png */; };
		71193AF61E9DB9720026D228 /* mine_main_default_head@3x.png in Resources */ = {isa = PBXBuildFile; fileRef = 71193AB51E9DB9720026D228 /* mine_main_default_head@3x.png */; };
		71193AF71E9DB9720026D228 /* mine_welfare_img@2x.png in Resources */ = {isa = PBXBuildFile; fileRef = 71193AB71E9DB9720026D228 /* mine_welfare_img@2x.png */; };
		71193AF81E9DB9720026D228 /* mine_welfare_img@3x.png in Resources */ = {isa = PBXBuildFile; fileRef = 71193AB81E9DB9720026D228 /* mine_welfare_img@3x.png */; };
		71193AF91E9DB9720026D228 /* back2_pgnews@2x.png in Resources */ = {isa = PBXBuildFile; fileRef = 71193ABB1E9DB9720026D228 /* back2_pgnews@2x.png */; };
		71193AFA1E9DB9720026D228 /* back2_pgnews@3x.png in Resources */ = {isa = PBXBuildFile; fileRef = 71193ABC1E9DB9720026D228 /* back2_pgnews@3x.png */; };
		71193AFB1E9DB9720026D228 /* common_chat_new@2x.png in Resources */ = {isa = PBXBuildFile; fileRef = 71193ABE1E9DB9720026D228 /* common_chat_new@2x.png */; };
		71193AFC1E9DB9720026D228 /* common_chat_new@3x.png in Resources */ = {isa = PBXBuildFile; fileRef = 71193ABF1E9DB9720026D228 /* common_chat_new@3x.png */; };
		71193AFD1E9DB9720026D228 /* Contents.json in Resources */ = {isa = PBXBuildFile; fileRef = 71193AC11E9DB9720026D228 /* Contents.json */; };
		71193AFE1E9DB9720026D228 /* defult_pho@2x.png in Resources */ = {isa = PBXBuildFile; fileRef = 71193AC21E9DB9720026D228 /* defult_pho@2x.png */; };
		71193AFF1E9DB9720026D228 /* defult_pho@3x.png in Resources */ = {isa = PBXBuildFile; fileRef = 71193AC31E9DB9720026D228 /* defult_pho@3x.png */; };
		71193B061E9DBDBD0026D228 /* Assets.xcassets in Resources */ = {isa = PBXBuildFile; fileRef = 71193B051E9DBDBD0026D228 /* Assets.xcassets */; };
		71193B0A1E9DC7A40026D228 /* XNTabBarController.swift in Sources */ = {isa = PBXBuildFile; fileRef = 71193B091E9DC7A40026D228 /* XNTabBarController.swift */; };
		71193B0F1E9DD44F0026D228 /* UIColor-Extension.swift in Sources */ = {isa = PBXBuildFile; fileRef = 71193B0C1E9DD44F0026D228 /* UIColor-Extension.swift */; };
		71193B101E9DD44F0026D228 /* XNNetworkTool.swift in Sources */ = {isa = PBXBuildFile; fileRef = 71193B0E1E9DD44F0026D228 /* XNNetworkTool.swift */; };
		71193B121E9DF6240026D228 /* XNNavigationController.swift in Sources */ = {isa = PBXBuildFile; fileRef = 71193B111E9DF6240026D228 /* XNNavigationController.swift */; };
		71193B241E9DFC7C0026D228 /* XNBaseController.swift in Sources */ = {isa = PBXBuildFile; fileRef = 71193B231E9DFC7C0026D228 /* XNBaseController.swift */; };
		71193B261E9DFDD10026D228 /* XNNewsController.swift in Sources */ = {isa = PBXBuildFile; fileRef = 71193B251E9DFDD10026D228 /* XNNewsController.swift */; };
		71193B281E9DFDFB0026D228 /* XNGreatestHitsController.swift in Sources */ = {isa = PBXBuildFile; fileRef = 71193B271E9DFDFB0026D228 /* XNGreatestHitsController.swift */; };
		71193B2A1E9DFE1C0026D228 /* XNMineController.swift in Sources */ = {isa = PBXBuildFile; fileRef = 71193B291E9DFE1C0026D228 /* XNMineController.swift */; };
		71193B2C1E9DFE410026D228 /* XNCommunityController.swift in Sources */ = {isa = PBXBuildFile; fileRef = 71193B2B1E9DFE410026D228 /* XNCommunityController.swift */; };
		71193B2E1E9E02400026D228 /* XNCommon.swift in Sources */ = {isa = PBXBuildFile; fileRef = 71193B2D1E9E02400026D228 /* XNCommon.swift */; };
		71193B301E9E090E0026D228 /* XNNewsDetailController.swift in Sources */ = {isa = PBXBuildFile; fileRef = 71193B2F1E9E090E0026D228 /* XNNewsDetailController.swift */; };
		71193B321E9E0BBD0026D228 /* XNNewsTopView.swift in Sources */ = {isa = PBXBuildFile; fileRef = 71193B311E9E0BBD0026D228 /* XNNewsTopView.swift */; };
		71193B3B1E9E20FA0026D228 /* CommonTool.swift in Sources */ = {isa = PBXBuildFile; fileRef = 71193B331E9E20FA0026D228 /* CommonTool.swift */; };
		71193B3C1E9E20FA0026D228 /* const.swift in Sources */ = {isa = PBXBuildFile; fileRef = 71193B341E9E20FA0026D228 /* const.swift */; };
		71193B3D1E9E20FA0026D228 /* Date+Extension.swift in Sources */ = {isa = PBXBuildFile; fileRef = 71193B351E9E20FA0026D228 /* Date+Extension.swift */; };
		71193B3F1E9E20FA0026D228 /* UIColor+imageColor.swift in Sources */ = {isa = PBXBuildFile; fileRef = 71193B371E9E20FA0026D228 /* UIColor+imageColor.swift */; };
		71193B401E9E20FA0026D228 /* UITableView+GifRefreshHeader.swift in Sources */ = {isa = PBXBuildFile; fileRef = 71193B381E9E20FA0026D228 /* UITableView+GifRefreshHeader.swift */; };
		71193B411E9E20FA0026D228 /* UIView+ViewFrameGeometry.swift in Sources */ = {isa = PBXBuildFile; fileRef = 71193B391E9E20FA0026D228 /* UIView+ViewFrameGeometry.swift */; };
		71193B421E9E20FA0026D228 /* UIViewController+Extension.swift in Sources */ = {isa = PBXBuildFile; fileRef = 71193B3A1E9E20FA0026D228 /* UIViewController+Extension.swift */; };
		71193B4A1E9E2AC60026D228 /* XNBaseVM.swift in Sources */ = {isa = PBXBuildFile; fileRef = 71193B491E9E2AC60026D228 /* XNBaseVM.swift */; };
		714690091EAD9CE100118B87 /* XNBaseDetailVC.swift in Sources */ = {isa = PBXBuildFile; fileRef = 714690081EAD9CE100118B87 /* XNBaseDetailVC.swift */; };
		7146900B1EAD9CFD00118B87 /* XNDetailController.swift in Sources */ = {isa = PBXBuildFile; fileRef = 7146900A1EAD9CFD00118B87 /* XNDetailController.swift */; };
		7175F4D51E9CD67F0072C285 /* AppDelegate.swift in Sources */ = {isa = PBXBuildFile; fileRef = 7175F4D41E9CD67F0072C285 /* AppDelegate.swift */; };
		71856E141EA0ADC70079FBD5 /* XNNewsBaseController.swift in Sources */ = {isa = PBXBuildFile; fileRef = 71856E131EA0ADC70079FBD5 /* XNNewsBaseController.swift */; };
		71856E161EA0B3060079FBD5 /* XNNewsCell_1.swift in Sources */ = {isa = PBXBuildFile; fileRef = 71856E151EA0B3060079FBD5 /* XNNewsCell_1.swift */; };
		71856E181EA0B3110079FBD5 /* XNNewsCell_2.swift in Sources */ = {isa = PBXBuildFile; fileRef = 71856E171EA0B3110079FBD5 /* XNNewsCell_2.swift */; };
		71856E1A1EA0B37C0079FBD5 /* XNBaseModel.swift in Sources */ = {isa = PBXBuildFile; fileRef = 71856E191EA0B37C0079FBD5 /* XNBaseModel.swift */; };
		71856E1C1EA0B38E0079FBD5 /* XNNewsModel.swift in Sources */ = {isa = PBXBuildFile; fileRef = 71856E1B1EA0B38E0079FBD5 /* XNNewsModel.swift */; };
		C85074CC12CFAF757167901F /* Pods_XNLovePlay_Swift.framework in Frameworks */ = {isa = PBXBuildFile; fileRef = E114ED2E3ED12319CBD7D01C /* Pods_XNLovePlay_Swift.framework */; };
/* End PBXBuildFile section */

/* Begin PBXFileReference section */
		2AFA93E97E9869F60C27D8A8 /* Pods-XNLovePlay_Swift.release.xcconfig */ = {isa = PBXFileReference; includeInIndex = 1; lastKnownFileType = text.xcconfig; name = "Pods-XNLovePlay_Swift.release.xcconfig"; path = "Pods/Target Support Files/Pods-XNLovePlay_Swift/Pods-XNLovePlay_Swift.release.xcconfig"; sourceTree = "<group>"; };
		36F888C6B2CB65451008F1D8 /* Pods-XNLovePlay_Swift.debug.xcconfig */ = {isa = PBXFileReference; includeInIndex = 1; lastKnownFileType = text.xcconfig; name = "Pods-XNLovePlay_Swift.debug.xcconfig"; path = "Pods/Target Support Files/Pods-XNLovePlay_Swift/Pods-XNLovePlay_Swift.debug.xcconfig"; sourceTree = "<group>"; };
		710B480E1EA05F7D0000D42D /* XNNewsVCCell.swift */ = {isa = PBXFileReference; fileEncoding = 4; lastKnownFileType = sourcecode.swift; path = XNNewsVCCell.swift; sourceTree = "<group>"; };
		710B48111EA06DE00000D42D /* XNHeadlineController.swift */ = {isa = PBXFileReference; fileEncoding = 4; lastKnownFileType = sourcecode.swift; path = XNHeadlineController.swift; sourceTree = "<group>"; };
		710B48131EA06DEF0000D42D /* XNNetGaemController.swift */ = {isa = PBXFileReference; fileEncoding = 4; lastKnownFileType = sourcecode.swift; path = XNNetGaemController.swift; sourceTree = "<group>"; };
		710B48151EA06DFC0000D42D /* XNHandGameController.swift */ = {isa = PBXFileReference; fileEncoding = 4; lastKnownFileType = sourcecode.swift; path = XNHandGameController.swift; sourceTree = "<group>"; };
		710B48171EA06E0B0000D42D /* XNMechineController.swift */ = {isa = PBXFileReference; fileEncoding = 4; lastKnownFileType = sourcecode.swift; path = XNMechineController.swift; sourceTree = "<group>"; };
		710B48191EA06E1E0000D42D /* XNECController.swift */ = {isa = PBXFileReference; fileEncoding = 4; lastKnownFileType = sourcecode.swift; path = XNECController.swift; sourceTree = "<group>"; };
		710B481B1EA06E2A0000D42D /* XNStormController.swift */ = {isa = PBXFileReference; fileEncoding = 4; lastKnownFileType = sourcecode.swift; path = XNStormController.swift; sourceTree = "<group>"; };
		71193A671E9DB9720026D228 /* comon_refresh_button@2x.png */ = {isa = PBXFileReference; lastKnownFileType = image.png; path = "comon_refresh_button@2x.png"; sourceTree = "<group>"; };
		71193A681E9DB9720026D228 /* comon_refresh_button@3x.png */ = {isa = PBXFileReference; lastKnownFileType = image.png; path = "comon_refresh_button@3x.png"; sourceTree = "<group>"; };
		71193A6A1E9DB9720026D228 /* loading_step1@2x.png */ = {isa = PBXFileReference; lastKnownFileType = image.png; path = "loading_step1@2x.png"; sourceTree = "<group>"; };
		71193A6B1E9DB9720026D228 /* loading_step1@3x.png */ = {isa = PBXFileReference; lastKnownFileType = image.png; path = "loading_step1@3x.png"; sourceTree = "<group>"; };
		71193A6D1E9DB9720026D228 /* loading_step2@2x.png */ = {isa = PBXFileReference; lastKnownFileType = image.png; path = "loading_step2@2x.png"; sourceTree = "<group>"; };
		71193A6E1E9DB9720026D228 /* loading_step2@3x.png */ = {isa = PBXFileReference; lastKnownFileType = image.png; path = "loading_step2@3x.png"; sourceTree = "<group>"; };
		71193A701E9DB9720026D228 /* loading_step3@2x.png */ = {isa = PBXFileReference; lastKnownFileType = image.png; path = "loading_step3@2x.png"; sourceTree = "<group>"; };
		71193A711E9DB9720026D228 /* loading_step3@3x.png */ = {isa = PBXFileReference; lastKnownFileType = image.png; path = "loading_step3@3x.png"; sourceTree = "<group>"; };
		71193A731E9DB9720026D228 /* loading_step4@2x.png */ = {isa = PBXFileReference; lastKnownFileType = image.png; path = "loading_step4@2x.png"; sourceTree = "<group>"; };
		71193A741E9DB9720026D228 /* loading_step4@3x.png */ = {isa = PBXFileReference; lastKnownFileType = image.png; path = "loading_step4@3x.png"; sourceTree = "<group>"; };
		71193A761E9DB9720026D228 /* loading_step5@2x.png */ = {isa = PBXFileReference; lastKnownFileType = image.png; path = "loading_step5@2x.png"; sourceTree = "<group>"; };
		71193A771E9DB9720026D228 /* loading_step5@3x.png */ = {isa = PBXFileReference; lastKnownFileType = image.png; path = "loading_step5@3x.png"; sourceTree = "<group>"; };
		71193A791E9DB9720026D228 /* loading_step6@2x.png */ = {isa = PBXFileReference; lastKnownFileType = image.png; path = "loading_step6@2x.png"; sourceTree = "<group>"; };
		71193A7A1E9DB9720026D228 /* loading_step6@3x.png */ = {isa = PBXFileReference; lastKnownFileType = image.png; path = "loading_step6@3x.png"; sourceTree = "<group>"; };
		71193A7C1E9DB9720026D228 /* refresh1@2x.png */ = {isa = PBXFileReference; lastKnownFileType = image.png; path = "refresh1@2x.png"; sourceTree = "<group>"; };
		71193A7D1E9DB9720026D228 /* refresh1@3x.png */ = {isa = PBXFileReference; lastKnownFileType = image.png; path = "refresh1@3x.png"; sourceTree = "<group>"; };
		71193A7F1E9DB9720026D228 /* refresh2@2x.png */ = {isa = PBXFileReference; lastKnownFileType = image.png; path = "refresh2@2x.png"; sourceTree = "<group>"; };
		71193A801E9DB9720026D228 /* refresh2@3x.png */ = {isa = PBXFileReference; lastKnownFileType = image.png; path = "refresh2@3x.png"; sourceTree = "<group>"; };
		71193A821E9DB9720026D228 /* refresh3@2x.png */ = {isa = PBXFileReference; lastKnownFileType = image.png; path = "refresh3@2x.png"; sourceTree = "<group>"; };
		71193A831E9DB9720026D228 /* refresh3@3x.png */ = {isa = PBXFileReference; lastKnownFileType = image.png; path = "refresh3@3x.png"; sourceTree = "<group>"; };
		71193A851E9DB9720026D228 /* refresh4@2x.png */ = {isa = PBXFileReference; lastKnownFileType = image.png; path = "refresh4@2x.png"; sourceTree = "<group>"; };
		71193A861E9DB9720026D228 /* refresh4@3x.png */ = {isa = PBXFileReference; lastKnownFileType = image.png; path = "refresh4@3x.png"; sourceTree = "<group>"; };
		71193A891E9DB9720026D228 /* btn_pgsubject_btndec@2x.png */ = {isa = PBXFileReference; lastKnownFileType = image.png; path = "btn_pgsubject_btndec@2x.png"; sourceTree = "<group>"; };
		71193A8B1E9DB9720026D228 /* btn_pgsubject_search@2x.png */ = {isa = PBXFileReference; lastKnownFileType = image.png; path = "btn_pgsubject_search@2x.png"; sourceTree = "<group>"; };
		71193A8D1E9DB9720026D228 /* icon_jx_nomal_pgall@2x.png */ = {isa = PBXFileReference; lastKnownFileType = image.png; path = "icon_jx_nomal_pgall@2x.png"; sourceTree = "<group>"; };
		71193A8E1E9DB9720026D228 /* icon_jx_nomal_pgall@3x.png */ = {isa = PBXFileReference; lastKnownFileType = image.png; path = "icon_jx_nomal_pgall@3x.png"; sourceTree = "<group>"; };
		71193A901E9DB9720026D228 /* icon_jx_pressed_pgall@2x.png */ = {isa = PBXFileReference; lastKnownFileType = image.png; path = "icon_jx_pressed_pgall@2x.png"; sourceTree = "<group>"; };
		71193A911E9DB9720026D228 /* icon_jx_pressed_pgall@3x.png */ = {isa = PBXFileReference; lastKnownFileType = image.png; path = "icon_jx_pressed_pgall@3x.png"; sourceTree = "<group>"; };
		71193A931E9DB9720026D228 /* icon_sq_nomal_pgall@2x.png */ = {isa = PBXFileReference; lastKnownFileType = image.png; path = "icon_sq_nomal_pgall@2x.png"; sourceTree = "<group>"; };
		71193A941E9DB9720026D228 /* icon_sq_nomal_pgall@3x.png */ = {isa = PBXFileReference; lastKnownFileType = image.png; path = "icon_sq_nomal_pgall@3x.png"; sourceTree = "<group>"; };
		71193A961E9DB9720026D228 /* icon_sq_pressed_pgall@2x.png */ = {isa = PBXFileReference; lastKnownFileType = image.png; path = "icon_sq_pressed_pgall@2x.png"; sourceTree = "<group>"; };
		71193A971E9DB9720026D228 /* icon_sq_pressed_pgall@3x.png */ = {isa = PBXFileReference; lastKnownFileType = image.png; path = "icon_sq_pressed_pgall@3x.png"; sourceTree = "<group>"; };
		71193A991E9DB9720026D228 /* icon_w_nomal_pgall@2x.png */ = {isa = PBXFileReference; lastKnownFileType = image.png; path = "icon_w_nomal_pgall@2x.png"; sourceTree = "<group>"; };
		71193A9A1E9DB9720026D228 /* icon_w_nomal_pgall@3x.png */ = {isa = PBXFileReference; lastKnownFileType = image.png; path = "icon_w_nomal_pgall@3x.png"; sourceTree = "<group>"; };
		71193A9C1E9DB9720026D228 /* icon_w_pressed_pgall@2x.png */ = {isa = PBXFileReference; lastKnownFileType = image.png; path = "icon_w_pressed_pgall@2x.png"; sourceTree = "<group>"; };
		71193A9D1E9DB9720026D228 /* icon_w_pressed_pgall@3x.png */ = {isa = PBXFileReference; lastKnownFileType = image.png; path = "icon_w_pressed_pgall@3x.png"; sourceTree = "<group>"; };
		71193A9F1E9DB9720026D228 /* icon_zx_nomal_pgall@2x.png */ = {isa = PBXFileReference; lastKnownFileType = image.png; path = "icon_zx_nomal_pgall@2x.png"; sourceTree = "<group>"; };
		71193AA01E9DB9720026D228 /* icon_zx_nomal_pgall@3x.png */ = {isa = PBXFileReference; lastKnownFileType = image.png; path = "icon_zx_nomal_pgall@3x.png"; sourceTree = "<group>"; };
		71193AA21E9DB9720026D228 /* icon_zx_pressed_pgall@2x.png */ = {isa = PBXFileReference; lastKnownFileType = image.png; path = "icon_zx_pressed_pgall@2x.png"; sourceTree = "<group>"; };
		71193AA31E9DB9720026D228 /* icon_zx_pressed_pgall@3x.png */ = {isa = PBXFileReference; lastKnownFileType = image.png; path = "icon_zx_pressed_pgall@3x.png"; sourceTree = "<group>"; };
		71193AA51E9DB9720026D228 /* img_pgsubject_searchbg@2x.png */ = {isa = PBXFileReference; lastKnownFileType = image.png; path = "img_pgsubject_searchbg@2x.png"; sourceTree = "<group>"; };
		71193AA71E9DB9720026D228 /* tabbartop-line@2x.png */ = {isa = PBXFileReference; lastKnownFileType = image.png; path = "tabbartop-line@2x.png"; sourceTree = "<group>"; };
		71193AA81E9DB9720026D228 /* tabbartop-line@3x.png */ = {isa = PBXFileReference; lastKnownFileType = image.png; path = "tabbartop-line@3x.png"; sourceTree = "<group>"; };
		71193AAB1E9DB9720026D228 /* bg_pgmy@2x.png */ = {isa = PBXFileReference; lastKnownFileType = image.png; path = "bg_pgmy@2x.png"; sourceTree = "<group>"; };
		71193AAC1E9DB9720026D228 /* bg_pgmy@3x.png */ = {isa = PBXFileReference; lastKnownFileType = image.png; path = "bg_pgmy@3x.png"; sourceTree = "<group>"; };
		71193AAE1E9DB9720026D228 /* common_right_arrow@2x.png */ = {isa = PBXFileReference; lastKnownFileType = image.png; path = "common_right_arrow@2x.png"; sourceTree = "<group>"; };
		71193AAF1E9DB9720026D228 /* common_right_arrow@3x.png */ = {isa = PBXFileReference; lastKnownFileType = image.png; path = "common_right_arrow@3x.png"; sourceTree = "<group>"; };
		71193AB11E9DB9720026D228 /* mine_gift_img@2x.png */ = {isa = PBXFileReference; lastKnownFileType = image.png; path = "mine_gift_img@2x.png"; sourceTree = "<group>"; };
		71193AB21E9DB9720026D228 /* mine_gift_img@3x.png */ = {isa = PBXFileReference; lastKnownFileType = image.png; path = "mine_gift_img@3x.png"; sourceTree = "<group>"; };
		71193AB41E9DB9720026D228 /* mine_main_default_head@2x.png */ = {isa = PBXFileReference; lastKnownFileType = image.png; path = "mine_main_default_head@2x.png"; sourceTree = "<group>"; };
		71193AB51E9DB9720026D228 /* mine_main_default_head@3x.png */ = {isa = PBXFileReference; lastKnownFileType = image.png; path = "mine_main_default_head@3x.png"; sourceTree = "<group>"; };
		71193AB71E9DB9720026D228 /* mine_welfare_img@2x.png */ = {isa = PBXFileReference; lastKnownFileType = image.png; path = "mine_welfare_img@2x.png"; sourceTree = "<group>"; };
		71193AB81E9DB9720026D228 /* mine_welfare_img@3x.png */ = {isa = PBXFileReference; lastKnownFileType = image.png; path = "mine_welfare_img@3x.png"; sourceTree = "<group>"; };
		71193ABB1E9DB9720026D228 /* back2_pgnews@2x.png */ = {isa = PBXFileReference; lastKnownFileType = image.png; path = "back2_pgnews@2x.png"; sourceTree = "<group>"; };
		71193ABC1E9DB9720026D228 /* back2_pgnews@3x.png */ = {isa = PBXFileReference; lastKnownFileType = image.png; path = "back2_pgnews@3x.png"; sourceTree = "<group>"; };
		71193ABE1E9DB9720026D228 /* common_chat_new@2x.png */ = {isa = PBXFileReference; lastKnownFileType = image.png; path = "common_chat_new@2x.png"; sourceTree = "<group>"; };
		71193ABF1E9DB9720026D228 /* common_chat_new@3x.png */ = {isa = PBXFileReference; lastKnownFileType = image.png; path = "common_chat_new@3x.png"; sourceTree = "<group>"; };
		71193AC11E9DB9720026D228 /* Contents.json */ = {isa = PBXFileReference; fileEncoding = 4; lastKnownFileType = text.json; path = Contents.json; sourceTree = "<group>"; };
		71193AC21E9DB9720026D228 /* defult_pho@2x.png */ = {isa = PBXFileReference; lastKnownFileType = image.png; path = "defult_pho@2x.png"; sourceTree = "<group>"; };
		71193AC31E9DB9720026D228 /* defult_pho@3x.png */ = {isa = PBXFileReference; lastKnownFileType = image.png; path = "defult_pho@3x.png"; sourceTree = "<group>"; };
		71193B051E9DBDBD0026D228 /* Assets.xcassets */ = {isa = PBXFileReference; lastKnownFileType = folder.assetcatalog; path = Assets.xcassets; sourceTree = "<group>"; };
		71193B091E9DC7A40026D228 /* XNTabBarController.swift */ = {isa = PBXFileReference; fileEncoding = 4; lastKnownFileType = sourcecode.swift; path = XNTabBarController.swift; sourceTree = "<group>"; };
		71193B0C1E9DD44F0026D228 /* UIColor-Extension.swift */ = {isa = PBXFileReference; fileEncoding = 4; lastKnownFileType = sourcecode.swift; path = "UIColor-Extension.swift"; sourceTree = "<group>"; };
		71193B0E1E9DD44F0026D228 /* XNNetworkTool.swift */ = {isa = PBXFileReference; fileEncoding = 4; lastKnownFileType = sourcecode.swift; path = XNNetworkTool.swift; sourceTree = "<group>"; };
		71193B111E9DF6240026D228 /* XNNavigationController.swift */ = {isa = PBXFileReference; fileEncoding = 4; lastKnownFileType = sourcecode.swift; path = XNNavigationController.swift; sourceTree = "<group>"; };
		71193B231E9DFC7C0026D228 /* XNBaseController.swift */ = {isa = PBXFileReference; fileEncoding = 4; lastKnownFileType = sourcecode.swift; path = XNBaseController.swift; sourceTree = "<group>"; };
		71193B251E9DFDD10026D228 /* XNNewsController.swift */ = {isa = PBXFileReference; fileEncoding = 4; lastKnownFileType = sourcecode.swift; path = XNNewsController.swift; sourceTree = "<group>"; };
		71193B271E9DFDFB0026D228 /* XNGreatestHitsController.swift */ = {isa = PBXFileReference; fileEncoding = 4; lastKnownFileType = sourcecode.swift; path = XNGreatestHitsController.swift; sourceTree = "<group>"; };
		71193B291E9DFE1C0026D228 /* XNMineController.swift */ = {isa = PBXFileReference; fileEncoding = 4; lastKnownFileType = sourcecode.swift; path = XNMineController.swift; sourceTree = "<group>"; };
		71193B2B1E9DFE410026D228 /* XNCommunityController.swift */ = {isa = PBXFileReference; fileEncoding = 4; lastKnownFileType = sourcecode.swift; path = XNCommunityController.swift; sourceTree = "<group>"; };
		71193B2D1E9E02400026D228 /* XNCommon.swift */ = {isa = PBXFileReference; fileEncoding = 4; lastKnownFileType = sourcecode.swift; path = XNCommon.swift; sourceTree = "<group>"; };
		71193B2F1E9E090E0026D228 /* XNNewsDetailController.swift */ = {isa = PBXFileReference; fileEncoding = 4; lastKnownFileType = sourcecode.swift; path = XNNewsDetailController.swift; sourceTree = "<group>"; };
		71193B311E9E0BBD0026D228 /* XNNewsTopView.swift */ = {isa = PBXFileReference; fileEncoding = 4; lastKnownFileType = sourcecode.swift; path = XNNewsTopView.swift; sourceTree = "<group>"; };
		71193B331E9E20FA0026D228 /* CommonTool.swift */ = {isa = PBXFileReference; fileEncoding = 4; lastKnownFileType = sourcecode.swift; path = CommonTool.swift; sourceTree = "<group>"; };
		71193B341E9E20FA0026D228 /* const.swift */ = {isa = PBXFileReference; fileEncoding = 4; lastKnownFileType = sourcecode.swift; path = const.swift; sourceTree = "<group>"; };
		71193B351E9E20FA0026D228 /* Date+Extension.swift */ = {isa = PBXFileReference; fileEncoding = 4; lastKnownFileType = sourcecode.swift; path = "Date+Extension.swift"; sourceTree = "<group>"; };
		71193B371E9E20FA0026D228 /* UIColor+imageColor.swift */ = {isa = PBXFileReference; fileEncoding = 4; lastKnownFileType = sourcecode.swift; path = "UIColor+imageColor.swift"; sourceTree = "<group>"; };
		71193B381E9E20FA0026D228 /* UITableView+GifRefreshHeader.swift */ = {isa = PBXFileReference; fileEncoding = 4; lastKnownFileType = sourcecode.swift; path = "UITableView+GifRefreshHeader.swift"; sourceTree = "<group>"; };
		71193B391E9E20FA0026D228 /* UIView+ViewFrameGeometry.swift */ = {isa = PBXFileReference; fileEncoding = 4; lastKnownFileType = sourcecode.swift; path = "UIView+ViewFrameGeometry.swift"; sourceTree = "<group>"; };
		71193B3A1E9E20FA0026D228 /* UIViewController+Extension.swift */ = {isa = PBXFileReference; fileEncoding = 4; lastKnownFileType = sourcecode.swift; path = "UIViewController+Extension.swift"; sourceTree = "<group>"; };
		71193B491E9E2AC60026D228 /* XNBaseVM.swift */ = {isa = PBXFileReference; fileEncoding = 4; lastKnownFileType = sourcecode.swift; path = XNBaseVM.swift; sourceTree = "<group>"; };
		714690081EAD9CE100118B87 /* XNBaseDetailVC.swift */ = {isa = PBXFileReference; fileEncoding = 4; lastKnownFileType = sourcecode.swift; path = XNBaseDetailVC.swift; sourceTree = "<group>"; };
		7146900A1EAD9CFD00118B87 /* XNDetailController.swift */ = {isa = PBXFileReference; fileEncoding = 4; lastKnownFileType = sourcecode.swift; path = XNDetailController.swift; sourceTree = "<group>"; };
		7175F4D11E9CD67F0072C285 /* XNLovePlay_Swift.app */ = {isa = PBXFileReference; explicitFileType = wrapper.application; includeInIndex = 0; path = XNLovePlay_Swift.app; sourceTree = BUILT_PRODUCTS_DIR; };
		7175F4D41E9CD67F0072C285 /* AppDelegate.swift */ = {isa = PBXFileReference; lastKnownFileType = sourcecode.swift; path = AppDelegate.swift; sourceTree = "<group>"; };
		7175F4E01E9CD67F0072C285 /* Info.plist */ = {isa = PBXFileReference; lastKnownFileType = text.plist.xml; path = Info.plist; sourceTree = "<group>"; };
		71856E131EA0ADC70079FBD5 /* XNNewsBaseController.swift */ = {isa = PBXFileReference; fileEncoding = 4; lastKnownFileType = sourcecode.swift; path = XNNewsBaseController.swift; sourceTree = "<group>"; };
		71856E151EA0B3060079FBD5 /* XNNewsCell_1.swift */ = {isa = PBXFileReference; fileEncoding = 4; lastKnownFileType = sourcecode.swift; path = XNNewsCell_1.swift; sourceTree = "<group>"; };
		71856E171EA0B3110079FBD5 /* XNNewsCell_2.swift */ = {isa = PBXFileReference; fileEncoding = 4; lastKnownFileType = sourcecode.swift; path = XNNewsCell_2.swift; sourceTree = "<group>"; };
		71856E191EA0B37C0079FBD5 /* XNBaseModel.swift */ = {isa = PBXFileReference; fileEncoding = 4; lastKnownFileType = sourcecode.swift; path = XNBaseModel.swift; sourceTree = "<group>"; };
		71856E1B1EA0B38E0079FBD5 /* XNNewsModel.swift */ = {isa = PBXFileReference; fileEncoding = 4; lastKnownFileType = sourcecode.swift; path = XNNewsModel.swift; sourceTree = "<group>"; };
		E114ED2E3ED12319CBD7D01C /* Pods_XNLovePlay_Swift.framework */ = {isa = PBXFileReference; explicitFileType = wrapper.framework; includeInIndex = 0; path = Pods_XNLovePlay_Swift.framework; sourceTree = BUILT_PRODUCTS_DIR; };
/* End PBXFileReference section */

/* Begin PBXFrameworksBuildPhase section */
		7175F4CE1E9CD67F0072C285 /* Frameworks */ = {
			isa = PBXFrameworksBuildPhase;
			buildActionMask = 2147483647;
			files = (
				C85074CC12CFAF757167901F /* Pods_XNLovePlay_Swift.framework in Frameworks */,
			);
			runOnlyForDeploymentPostprocessing = 0;
		};
/* End PBXFrameworksBuildPhase section */

/* Begin PBXGroup section */
		15289A73298F921381C98F29 /* Frameworks */ = {
			isa = PBXGroup;
			children = (
				E114ED2E3ED12319CBD7D01C /* Pods_XNLovePlay_Swift.framework */,
			);
			name = Frameworks;
			sourceTree = "<group>";
		};
		281F6427BB9390FB380A87F3 /* Pods */ = {
			isa = PBXGroup;
			children = (
				36F888C6B2CB65451008F1D8 /* Pods-XNLovePlay_Swift.debug.xcconfig */,
				2AFA93E97E9869F60C27D8A8 /* Pods-XNLovePlay_Swift.release.xcconfig */,
			);
			name = Pods;
			sourceTree = "<group>";
		};
		710B48101EA065770000D42D /* ChildVC */ = {
			isa = PBXGroup;
			children = (
				710B48111EA06DE00000D42D /* XNHeadlineController.swift */,
				710B48131EA06DEF0000D42D /* XNNetGaemController.swift */,
				710B48151EA06DFC0000D42D /* XNHandGameController.swift */,
				710B48171EA06E0B0000D42D /* XNMechineController.swift */,
				710B48191EA06E1E0000D42D /* XNECController.swift */,
				710B481B1EA06E2A0000D42D /* XNStormController.swift */,
				71856E131EA0ADC70079FBD5 /* XNNewsBaseController.swift */,
			);
			path = ChildVC;
			sourceTree = "<group>";
		};
		71193A631E9DB9720026D228 /* Resource */ = {
			isa = PBXGroup;
			children = (
				71193A641E9DB9720026D228 /* Images */,
			);
			path = Resource;
			sourceTree = "<group>";
		};
		71193A641E9DB9720026D228 /* Images */ = {
			isa = PBXGroup;
			children = (
				71193A651E9DB9720026D228 /* Comment */,
				71193A871E9DB9720026D228 /* Main */,
				71193AA91E9DB9720026D228 /* Mine */,
				71193AB91E9DB9720026D228 /* News */,
			);
			path = Images;
			sourceTree = "<group>";
		};
		71193A651E9DB9720026D228 /* Comment */ = {
			isa = PBXGroup;
			children = (
				71193A661E9DB9720026D228 /* comon_refresh_button */,
				71193A691E9DB9720026D228 /* loading_step1 */,
				71193A6C1E9DB9720026D228 /* loading_step2 */,
				71193A6F1E9DB9720026D228 /* loading_step3 */,
				71193A721E9DB9720026D228 /* loading_step4 */,
				71193A751E9DB9720026D228 /* loading_step5 */,
				71193A781E9DB9720026D228 /* loading_step6 */,
				71193A7B1E9DB9720026D228 /* refresh1 */,
				71193A7E1E9DB9720026D228 /* refresh2 */,
				71193A811E9DB9720026D228 /* refresh3 */,
				71193A841E9DB9720026D228 /* refresh4 */,
			);
			path = Comment;
			sourceTree = "<group>";
		};
		71193A661E9DB9720026D228 /* comon_refresh_button */ = {
			isa = PBXGroup;
			children = (
				71193A671E9DB9720026D228 /* comon_refresh_button@2x.png */,
				71193A681E9DB9720026D228 /* comon_refresh_button@3x.png */,
			);
			path = comon_refresh_button;
			sourceTree = "<group>";
		};
		71193A691E9DB9720026D228 /* loading_step1 */ = {
			isa = PBXGroup;
			children = (
				71193A6A1E9DB9720026D228 /* loading_step1@2x.png */,
				71193A6B1E9DB9720026D228 /* loading_step1@3x.png */,
			);
			path = loading_step1;
			sourceTree = "<group>";
		};
		71193A6C1E9DB9720026D228 /* loading_step2 */ = {
			isa = PBXGroup;
			children = (
				71193A6D1E9DB9720026D228 /* loading_step2@2x.png */,
				71193A6E1E9DB9720026D228 /* loading_step2@3x.png */,
			);
			path = loading_step2;
			sourceTree = "<group>";
		};
		71193A6F1E9DB9720026D228 /* loading_step3 */ = {
			isa = PBXGroup;
			children = (
				71193A701E9DB9720026D228 /* loading_step3@2x.png */,
				71193A711E9DB9720026D228 /* loading_step3@3x.png */,
			);
			path = loading_step3;
			sourceTree = "<group>";
		};
		71193A721E9DB9720026D228 /* loading_step4 */ = {
			isa = PBXGroup;
			children = (
				71193A731E9DB9720026D228 /* loading_step4@2x.png */,
				71193A741E9DB9720026D228 /* loading_step4@3x.png */,
			);
			path = loading_step4;
			sourceTree = "<group>";
		};
		71193A751E9DB9720026D228 /* loading_step5 */ = {
			isa = PBXGroup;
			children = (
				71193A761E9DB9720026D228 /* loading_step5@2x.png */,
				71193A771E9DB9720026D228 /* loading_step5@3x.png */,
			);
			path = loading_step5;
			sourceTree = "<group>";
		};
		71193A781E9DB9720026D228 /* loading_step6 */ = {
			isa = PBXGroup;
			children = (
				71193A791E9DB9720026D228 /* loading_step6@2x.png */,
				71193A7A1E9DB9720026D228 /* loading_step6@3x.png */,
			);
			path = loading_step6;
			sourceTree = "<group>";
		};
		71193A7B1E9DB9720026D228 /* refresh1 */ = {
			isa = PBXGroup;
			children = (
				71193A7C1E9DB9720026D228 /* refresh1@2x.png */,
				71193A7D1E9DB9720026D228 /* refresh1@3x.png */,
			);
			path = refresh1;
			sourceTree = "<group>";
		};
		71193A7E1E9DB9720026D228 /* refresh2 */ = {
			isa = PBXGroup;
			children = (
				71193A7F1E9DB9720026D228 /* refresh2@2x.png */,
				71193A801E9DB9720026D228 /* refresh2@3x.png */,
			);
			path = refresh2;
			sourceTree = "<group>";
		};
		71193A811E9DB9720026D228 /* refresh3 */ = {
			isa = PBXGroup;
			children = (
				71193A821E9DB9720026D228 /* refresh3@2x.png */,
				71193A831E9DB9720026D228 /* refresh3@3x.png */,
			);
			path = refresh3;
			sourceTree = "<group>";
		};
		71193A841E9DB9720026D228 /* refresh4 */ = {
			isa = PBXGroup;
			children = (
				71193A851E9DB9720026D228 /* refresh4@2x.png */,
				71193A861E9DB9720026D228 /* refresh4@3x.png */,
			);
			path = refresh4;
			sourceTree = "<group>";
		};
		71193A871E9DB9720026D228 /* Main */ = {
			isa = PBXGroup;
			children = (
				71193A881E9DB9720026D228 /* btn_pgsubject_btndec */,
				71193A8A1E9DB9720026D228 /* btn_pgsubject_search */,
				71193A8C1E9DB9720026D228 /* icon_jx_nomal_pgall */,
				71193A8F1E9DB9720026D228 /* icon_jx_pressed_pgall */,
				71193A921E9DB9720026D228 /* icon_sq_nomal_pgall */,
				71193A951E9DB9720026D228 /* icon_sq_pressed_pgall */,
				71193A981E9DB9720026D228 /* icon_w_nomal_pgall */,
				71193A9B1E9DB9720026D228 /* icon_w_pressed_pgall */,
				71193A9E1E9DB9720026D228 /* icon_zx_nomal_pgall */,
				71193AA11E9DB9720026D228 /* icon_zx_pressed_pgall */,
				71193AA41E9DB9720026D228 /* img_pgsubject_searchbg */,
				71193AA61E9DB9720026D228 /* tabbartop-line */,
			);
			path = Main;
			sourceTree = "<group>";
		};
		71193A881E9DB9720026D228 /* btn_pgsubject_btndec */ = {
			isa = PBXGroup;
			children = (
				71193A891E9DB9720026D228 /* btn_pgsubject_btndec@2x.png */,
			);
			path = btn_pgsubject_btndec;
			sourceTree = "<group>";
		};
		71193A8A1E9DB9720026D228 /* btn_pgsubject_search */ = {
			isa = PBXGroup;
			children = (
				71193A8B1E9DB9720026D228 /* btn_pgsubject_search@2x.png */,
			);
			path = btn_pgsubject_search;
			sourceTree = "<group>";
		};
		71193A8C1E9DB9720026D228 /* icon_jx_nomal_pgall */ = {
			isa = PBXGroup;
			children = (
				71193A8D1E9DB9720026D228 /* icon_jx_nomal_pgall@2x.png */,
				71193A8E1E9DB9720026D228 /* icon_jx_nomal_pgall@3x.png */,
			);
			path = icon_jx_nomal_pgall;
			sourceTree = "<group>";
		};
		71193A8F1E9DB9720026D228 /* icon_jx_pressed_pgall */ = {
			isa = PBXGroup;
			children = (
				71193A901E9DB9720026D228 /* icon_jx_pressed_pgall@2x.png */,
				71193A911E9DB9720026D228 /* icon_jx_pressed_pgall@3x.png */,
			);
			path = icon_jx_pressed_pgall;
			sourceTree = "<group>";
		};
		71193A921E9DB9720026D228 /* icon_sq_nomal_pgall */ = {
			isa = PBXGroup;
			children = (
				71193A931E9DB9720026D228 /* icon_sq_nomal_pgall@2x.png */,
				71193A941E9DB9720026D228 /* icon_sq_nomal_pgall@3x.png */,
			);
			path = icon_sq_nomal_pgall;
			sourceTree = "<group>";
		};
		71193A951E9DB9720026D228 /* icon_sq_pressed_pgall */ = {
			isa = PBXGroup;
			children = (
				71193A961E9DB9720026D228 /* icon_sq_pressed_pgall@2x.png */,
				71193A971E9DB9720026D228 /* icon_sq_pressed_pgall@3x.png */,
			);
			path = icon_sq_pressed_pgall;
			sourceTree = "<group>";
		};
		71193A981E9DB9720026D228 /* icon_w_nomal_pgall */ = {
			isa = PBXGroup;
			children = (
				71193A991E9DB9720026D228 /* icon_w_nomal_pgall@2x.png */,
				71193A9A1E9DB9720026D228 /* icon_w_nomal_pgall@3x.png */,
			);
			path = icon_w_nomal_pgall;
			sourceTree = "<group>";
		};
		71193A9B1E9DB9720026D228 /* icon_w_pressed_pgall */ = {
			isa = PBXGroup;
			children = (
				71193A9C1E9DB9720026D228 /* icon_w_pressed_pgall@2x.png */,
				71193A9D1E9DB9720026D228 /* icon_w_pressed_pgall@3x.png */,
			);
			path = icon_w_pressed_pgall;
			sourceTree = "<group>";
		};
		71193A9E1E9DB9720026D228 /* icon_zx_nomal_pgall */ = {
			isa = PBXGroup;
			children = (
				71193A9F1E9DB9720026D228 /* icon_zx_nomal_pgall@2x.png */,
				71193AA01E9DB9720026D228 /* icon_zx_nomal_pgall@3x.png */,
			);
			path = icon_zx_nomal_pgall;
			sourceTree = "<group>";
		};
		71193AA11E9DB9720026D228 /* icon_zx_pressed_pgall */ = {
			isa = PBXGroup;
			children = (
				71193AA21E9DB9720026D228 /* icon_zx_pressed_pgall@2x.png */,
				71193AA31E9DB9720026D228 /* icon_zx_pressed_pgall@3x.png */,
			);
			path = icon_zx_pressed_pgall;
			sourceTree = "<group>";
		};
		71193AA41E9DB9720026D228 /* img_pgsubject_searchbg */ = {
			isa = PBXGroup;
			children = (
				71193AA51E9DB9720026D228 /* img_pgsubject_searchbg@2x.png */,
			);
			path = img_pgsubject_searchbg;
			sourceTree = "<group>";
		};
		71193AA61E9DB9720026D228 /* tabbartop-line */ = {
			isa = PBXGroup;
			children = (
				71193AA71E9DB9720026D228 /* tabbartop-line@2x.png */,
				71193AA81E9DB9720026D228 /* tabbartop-line@3x.png */,
			);
			path = "tabbartop-line";
			sourceTree = "<group>";
		};
		71193AA91E9DB9720026D228 /* Mine */ = {
			isa = PBXGroup;
			children = (
				71193AAA1E9DB9720026D228 /* bg_pgmy */,
				71193AAD1E9DB9720026D228 /* common_right_arrow */,
				71193AB01E9DB9720026D228 /* mine_gift_img */,
				71193AB31E9DB9720026D228 /* mine_main_default_head */,
				71193AB61E9DB9720026D228 /* mine_welfare_img */,
			);
			path = Mine;
			sourceTree = "<group>";
		};
		71193AAA1E9DB9720026D228 /* bg_pgmy */ = {
			isa = PBXGroup;
			children = (
				71193AAB1E9DB9720026D228 /* bg_pgmy@2x.png */,
				71193AAC1E9DB9720026D228 /* bg_pgmy@3x.png */,
			);
			path = bg_pgmy;
			sourceTree = "<group>";
		};
		71193AAD1E9DB9720026D228 /* common_right_arrow */ = {
			isa = PBXGroup;
			children = (
				71193AAE1E9DB9720026D228 /* common_right_arrow@2x.png */,
				71193AAF1E9DB9720026D228 /* common_right_arrow@3x.png */,
			);
			path = common_right_arrow;
			sourceTree = "<group>";
		};
		71193AB01E9DB9720026D228 /* mine_gift_img */ = {
			isa = PBXGroup;
			children = (
				71193AB11E9DB9720026D228 /* mine_gift_img@2x.png */,
				71193AB21E9DB9720026D228 /* mine_gift_img@3x.png */,
			);
			path = mine_gift_img;
			sourceTree = "<group>";
		};
		71193AB31E9DB9720026D228 /* mine_main_default_head */ = {
			isa = PBXGroup;
			children = (
				71193AB41E9DB9720026D228 /* mine_main_default_head@2x.png */,
				71193AB51E9DB9720026D228 /* mine_main_default_head@3x.png */,
			);
			path = mine_main_default_head;
			sourceTree = "<group>";
		};
		71193AB61E9DB9720026D228 /* mine_welfare_img */ = {
			isa = PBXGroup;
			children = (
				71193AB71E9DB9720026D228 /* mine_welfare_img@2x.png */,
				71193AB81E9DB9720026D228 /* mine_welfare_img@3x.png */,
			);
			path = mine_welfare_img;
			sourceTree = "<group>";
		};
		71193AB91E9DB9720026D228 /* News */ = {
			isa = PBXGroup;
			children = (
				71193ABA1E9DB9720026D228 /* back2_pgnews */,
				71193ABD1E9DB9720026D228 /* common_chat_new */,
				71193AC01E9DB9720026D228 /* defult_pho */,
			);
			path = News;
			sourceTree = "<group>";
		};
		71193ABA1E9DB9720026D228 /* back2_pgnews */ = {
			isa = PBXGroup;
			children = (
				71193ABB1E9DB9720026D228 /* back2_pgnews@2x.png */,
				71193ABC1E9DB9720026D228 /* back2_pgnews@3x.png */,
			);
			path = back2_pgnews;
			sourceTree = "<group>";
		};
		71193ABD1E9DB9720026D228 /* common_chat_new */ = {
			isa = PBXGroup;
			children = (
				71193ABE1E9DB9720026D228 /* common_chat_new@2x.png */,
				71193ABF1E9DB9720026D228 /* common_chat_new@3x.png */,
			);
			path = common_chat_new;
			sourceTree = "<group>";
		};
		71193AC01E9DB9720026D228 /* defult_pho */ = {
			isa = PBXGroup;
			children = (
				71193AC11E9DB9720026D228 /* Contents.json */,
				71193AC21E9DB9720026D228 /* defult_pho@2x.png */,
				71193AC31E9DB9720026D228 /* defult_pho@3x.png */,
			);
			path = defult_pho;
			sourceTree = "<group>";
		};
		71193B001E9DBB560026D228 /* Main */ = {
			isa = PBXGroup;
			children = (
				71193B481E9E2AB40026D228 /* ViewModel */,
				71193B011E9DBB560026D228 /* Controller */,
				71193B021E9DBB560026D228 /* Model */,
				71193B031E9DBB560026D228 /* View */,
			);
			path = Main;
			sourceTree = "<group>";
		};
		71193B011E9DBB560026D228 /* Controller */ = {
			isa = PBXGroup;
			children = (
				71193B091E9DC7A40026D228 /* XNTabBarController.swift */,
				71193B111E9DF6240026D228 /* XNNavigationController.swift */,
				71193B231E9DFC7C0026D228 /* XNBaseController.swift */,
				714690081EAD9CE100118B87 /* XNBaseDetailVC.swift */,
				7146900A1EAD9CFD00118B87 /* XNDetailController.swift */,
			);
			path = Controller;
			sourceTree = "<group>";
		};
		71193B021E9DBB560026D228 /* Model */ = {
			isa = PBXGroup;
			children = (
				71856E191EA0B37C0079FBD5 /* XNBaseModel.swift */,
			);
			path = Model;
			sourceTree = "<group>";
		};
		71193B031E9DBB560026D228 /* View */ = {
			isa = PBXGroup;
			children = (
			);
			path = View;
			sourceTree = "<group>";
		};
		71193B041E9DBBB50026D228 /* Tool */ = {
			isa = PBXGroup;
			children = (
				71193B0B1E9DD44F0026D228 /* Category */,
				71193B0D1E9DD44F0026D228 /* Network */,
				71193B2D1E9E02400026D228 /* XNCommon.swift */,
			);
			path = Tool;
			sourceTree = "<group>";
		};
		71193B0B1E9DD44F0026D228 /* Category */ = {
			isa = PBXGroup;
			children = (
				71193B0C1E9DD44F0026D228 /* UIColor-Extension.swift */,
			);
			path = Category;
			sourceTree = "<group>";
		};
		71193B0D1E9DD44F0026D228 /* Network */ = {
			isa = PBXGroup;
			children = (
				71193B331E9E20FA0026D228 /* CommonTool.swift */,
				71193B341E9E20FA0026D228 /* const.swift */,
				71193B351E9E20FA0026D228 /* Date+Extension.swift */,
				71193B371E9E20FA0026D228 /* UIColor+imageColor.swift */,
				71193B381E9E20FA0026D228 /* UITableView+GifRefreshHeader.swift */,
				71193B391E9E20FA0026D228 /* UIView+ViewFrameGeometry.swift */,
				71193B3A1E9E20FA0026D228 /* UIViewController+Extension.swift */,
				71193B0E1E9DD44F0026D228 /* XNNetworkTool.swift */,
			);
			path = Network;
			sourceTree = "<group>";
		};
		71193B131E9DFC4F0026D228 /* Community */ = {
			isa = PBXGroup;
			children = (
				71193B141E9DFC4F0026D228 /* Controller */,
				71193B151E9DFC4F0026D228 /* Model */,
				71193B161E9DFC4F0026D228 /* View */,
			);
			path = Community;
			sourceTree = "<group>";
		};
		71193B141E9DFC4F0026D228 /* Controller */ = {
			isa = PBXGroup;
			children = (
				71193B2B1E9DFE410026D228 /* XNCommunityController.swift */,
			);
			path = Controller;
			sourceTree = "<group>";
		};
		71193B151E9DFC4F0026D228 /* Model */ = {
			isa = PBXGroup;
			children = (
			);
			path = Model;
			sourceTree = "<group>";
		};
		71193B161E9DFC4F0026D228 /* View */ = {
			isa = PBXGroup;
			children = (
			);
			path = View;
			sourceTree = "<group>";
		};
		71193B171E9DFC4F0026D228 /* GreatestHits */ = {
			isa = PBXGroup;
			children = (
				71193B181E9DFC4F0026D228 /* Controller */,
				71193B191E9DFC4F0026D228 /* Model */,
				71193B1A1E9DFC4F0026D228 /* View */,
			);
			path = GreatestHits;
			sourceTree = "<group>";
		};
		71193B181E9DFC4F0026D228 /* Controller */ = {
			isa = PBXGroup;
			children = (
				71193B271E9DFDFB0026D228 /* XNGreatestHitsController.swift */,
			);
			path = Controller;
			sourceTree = "<group>";
		};
		71193B191E9DFC4F0026D228 /* Model */ = {
			isa = PBXGroup;
			children = (
			);
			path = Model;
			sourceTree = "<group>";
		};
		71193B1A1E9DFC4F0026D228 /* View */ = {
			isa = PBXGroup;
			children = (
			);
			path = View;
			sourceTree = "<group>";
		};
		71193B1B1E9DFC4F0026D228 /* Mine */ = {
			isa = PBXGroup;
			children = (
				71193B1C1E9DFC4F0026D228 /* Controller */,
				71193B1D1E9DFC4F0026D228 /* Model */,
				71193B1E1E9DFC4F0026D228 /* View */,
			);
			path = Mine;
			sourceTree = "<group>";
		};
		71193B1C1E9DFC4F0026D228 /* Controller */ = {
			isa = PBXGroup;
			children = (
				71193B291E9DFE1C0026D228 /* XNMineController.swift */,
			);
			path = Controller;
			sourceTree = "<group>";
		};
		71193B1D1E9DFC4F0026D228 /* Model */ = {
			isa = PBXGroup;
			children = (
			);
			path = Model;
			sourceTree = "<group>";
		};
		71193B1E1E9DFC4F0026D228 /* View */ = {
			isa = PBXGroup;
			children = (
			);
			path = View;
			sourceTree = "<group>";
		};
		71193B1F1E9DFC4F0026D228 /* News */ = {
			isa = PBXGroup;
			children = (
				71193B201E9DFC4F0026D228 /* Controller */,
				71193B211E9DFC4F0026D228 /* Model */,
				71193B221E9DFC4F0026D228 /* View */,
			);
			path = News;
			sourceTree = "<group>";
		};
		71193B201E9DFC4F0026D228 /* Controller */ = {
			isa = PBXGroup;
			children = (
				710B48101EA065770000D42D /* ChildVC */,
				71193B251E9DFDD10026D228 /* XNNewsController.swift */,
				71193B2F1E9E090E0026D228 /* XNNewsDetailController.swift */,
			);
			path = Controller;
			sourceTree = "<group>";
		};
		71193B211E9DFC4F0026D228 /* Model */ = {
			isa = PBXGroup;
			children = (
				71856E1B1EA0B38E0079FBD5 /* XNNewsModel.swift */,
			);
			path = Model;
			sourceTree = "<group>";
		};
		71193B221E9DFC4F0026D228 /* View */ = {
			isa = PBXGroup;
			children = (
				71193B311E9E0BBD0026D228 /* XNNewsTopView.swift */,
				710B480E1EA05F7D0000D42D /* XNNewsVCCell.swift */,
				71856E151EA0B3060079FBD5 /* XNNewsCell_1.swift */,
				71856E171EA0B3110079FBD5 /* XNNewsCell_2.swift */,
			);
			path = View;
			sourceTree = "<group>";
		};
		71193B481E9E2AB40026D228 /* ViewModel */ = {
			isa = PBXGroup;
			children = (
				71193B491E9E2AC60026D228 /* XNBaseVM.swift */,
			);
			path = ViewModel;
			sourceTree = "<group>";
		};
		7175F4C81E9CD67F0072C285 = {
			isa = PBXGroup;
			children = (
				7175F4D31E9CD67F0072C285 /* XNLovePlay_Swift */,
				7175F4D21E9CD67F0072C285 /* Products */,
				281F6427BB9390FB380A87F3 /* Pods */,
				15289A73298F921381C98F29 /* Frameworks */,
			);
			sourceTree = "<group>";
		};
		7175F4D21E9CD67F0072C285 /* Products */ = {
			isa = PBXGroup;
			children = (
				7175F4D11E9CD67F0072C285 /* XNLovePlay_Swift.app */,
			);
			name = Products;
			sourceTree = "<group>";
		};
		7175F4D31E9CD67F0072C285 /* XNLovePlay_Swift */ = {
			isa = PBXGroup;
			children = (
				71193B131E9DFC4F0026D228 /* Community */,
				71193B171E9DFC4F0026D228 /* GreatestHits */,
				71193B1B1E9DFC4F0026D228 /* Mine */,
				71193B1F1E9DFC4F0026D228 /* News */,
				71193B041E9DBBB50026D228 /* Tool */,
				71193B001E9DBB560026D228 /* Main */,
				71193A631E9DB9720026D228 /* Resource */,
				7175F4D41E9CD67F0072C285 /* AppDelegate.swift */,
				7175F4E01E9CD67F0072C285 /* Info.plist */,
				71193B051E9DBDBD0026D228 /* Assets.xcassets */,
			);
			path = XNLovePlay_Swift;
			sourceTree = "<group>";
		};
/* End PBXGroup section */

/* Begin PBXNativeTarget section */
		7175F4D01E9CD67F0072C285 /* XNLovePlay_Swift */ = {
			isa = PBXNativeTarget;
			buildConfigurationList = 7175F4E31E9CD67F0072C285 /* Build configuration list for PBXNativeTarget "XNLovePlay_Swift" */;
			buildPhases = (
				551CF63F90AA4832BB6DF68E /* [CP] Check Pods Manifest.lock */,
				7175F4CD1E9CD67F0072C285 /* Sources */,
				7175F4CE1E9CD67F0072C285 /* Frameworks */,
				7175F4CF1E9CD67F0072C285 /* Resources */,
				B6D55B2C24E7C67747BD8782 /* [CP] Embed Pods Frameworks */,
				C7D150E2B935691075A1652B /* [CP] Copy Pods Resources */,
			);
			buildRules = (
			);
			dependencies = (
			);
			name = XNLovePlay_Swift;
			productName = XNLovePlay_Swift;
			productReference = 7175F4D11E9CD67F0072C285 /* XNLovePlay_Swift.app */;
			productType = "com.apple.product-type.application";
		};
/* End PBXNativeTarget section */

/* Begin PBXProject section */
		7175F4C91E9CD67F0072C285 /* Project object */ = {
			isa = PBXProject;
			attributes = {
				CLASSPREFIX = XN;
				LastSwiftUpdateCheck = 0820;
				LastUpgradeCheck = 0820;
				ORGANIZATIONNAME = xunan;
				TargetAttributes = {
					7175F4D01E9CD67F0072C285 = {
						CreatedOnToolsVersion = 8.2.1;
						DevelopmentTeam = Y2TKYWJ5ZW;
						LastSwiftMigration = 0820;
						ProvisioningStyle = Automatic;
					};
				};
			};
			buildConfigurationList = 7175F4CC1E9CD67F0072C285 /* Build configuration list for PBXProject "XNLovePlay_Swift" */;
			compatibilityVersion = "Xcode 3.2";
			developmentRegion = English;
			hasScannedForEncodings = 0;
			knownRegions = (
				en,
				Base,
			);
			mainGroup = 7175F4C81E9CD67F0072C285;
			productRefGroup = 7175F4D21E9CD67F0072C285 /* Products */;
			projectDirPath = "";
			projectRoot = "";
			targets = (
				7175F4D01E9CD67F0072C285 /* XNLovePlay_Swift */,
			);
		};
/* End PBXProject section */

/* Begin PBXResourcesBuildPhase section */
		7175F4CF1E9CD67F0072C285 /* Resources */ = {
			isa = PBXResourcesBuildPhase;
			buildActionMask = 2147483647;
			files = (
				71193AC51E9DB9720026D228 /* comon_refresh_button@3x.png in Resources */,
				71193ADA1E9DB9720026D228 /* btn_pgsubject_btndec@2x.png in Resources */,
				71193AE81E9DB9720026D228 /* icon_zx_nomal_pgall@2x.png in Resources */,
				71193AFD1E9DB9720026D228 /* Contents.json in Resources */,
				71193AE11E9DB9720026D228 /* icon_sq_nomal_pgall@3x.png in Resources */,
				71193AD91E9DB9720026D228 /* refresh4@3x.png in Resources */,
				71193AFC1E9DB9720026D228 /* common_chat_new@3x.png in Resources */,
				71193ACB1E9DB9720026D228 /* loading_step3@3x.png in Resources */,
				71193AD61E9DB9720026D228 /* refresh3@2x.png in Resources */,
				71193AFB1E9DB9720026D228 /* common_chat_new@2x.png in Resources */,
				71193ACF1E9DB9720026D228 /* loading_step5@3x.png in Resources */,
				71193ACE1E9DB9720026D228 /* loading_step5@2x.png in Resources */,
				71193AE21E9DB9720026D228 /* icon_sq_pressed_pgall@2x.png in Resources */,
				71193ADD1E9DB9720026D228 /* icon_jx_nomal_pgall@3x.png in Resources */,
				71193AD31E9DB9720026D228 /* refresh1@3x.png in Resources */,
				71193AC41E9DB9720026D228 /* comon_refresh_button@2x.png in Resources */,
				71193AF91E9DB9720026D228 /* back2_pgnews@2x.png in Resources */,
				71193AC91E9DB9720026D228 /* loading_step2@3x.png in Resources */,
				71193AD71E9DB9720026D228 /* refresh3@3x.png in Resources */,
				71193AE61E9DB9720026D228 /* icon_w_pressed_pgall@2x.png in Resources */,
				71193AF61E9DB9720026D228 /* mine_main_default_head@3x.png in Resources */,
				71193AC61E9DB9720026D228 /* loading_step1@2x.png in Resources */,
				71193ACD1E9DB9720026D228 /* loading_step4@3x.png in Resources */,
				71193AEE1E9DB9720026D228 /* tabbartop-line@3x.png in Resources */,
				71193ACA1E9DB9720026D228 /* loading_step3@2x.png in Resources */,
				71193AFA1E9DB9720026D228 /* back2_pgnews@3x.png in Resources */,
				71193B061E9DBDBD0026D228 /* Assets.xcassets in Resources */,
				71193ADF1E9DB9720026D228 /* icon_jx_pressed_pgall@3x.png in Resources */,
				71193AF81E9DB9720026D228 /* mine_welfare_img@3x.png in Resources */,
				71193AD41E9DB9720026D228 /* refresh2@2x.png in Resources */,
				71193AF21E9DB9720026D228 /* common_right_arrow@3x.png in Resources */,
				71193AF01E9DB9720026D228 /* bg_pgmy@3x.png in Resources */,
				71193AF11E9DB9720026D228 /* common_right_arrow@2x.png in Resources */,
				71193ADC1E9DB9720026D228 /* icon_jx_nomal_pgall@2x.png in Resources */,
				71193AEA1E9DB9720026D228 /* icon_zx_pressed_pgall@2x.png in Resources */,
				71193AEF1E9DB9720026D228 /* bg_pgmy@2x.png in Resources */,
				71193AC81E9DB9720026D228 /* loading_step2@2x.png in Resources */,
				71193AE41E9DB9720026D228 /* icon_w_nomal_pgall@2x.png in Resources */,
				71193AFF1E9DB9720026D228 /* defult_pho@3x.png in Resources */,
				71193ACC1E9DB9720026D228 /* loading_step4@2x.png in Resources */,
				71193ADB1E9DB9720026D228 /* btn_pgsubject_search@2x.png in Resources */,
				71193AE51E9DB9720026D228 /* icon_w_nomal_pgall@3x.png in Resources */,
				71193AD51E9DB9720026D228 /* refresh2@3x.png in Resources */,
				71193AF31E9DB9720026D228 /* mine_gift_img@2x.png in Resources */,
				71193AE91E9DB9720026D228 /* icon_zx_nomal_pgall@3x.png in Resources */,
				71193AEB1E9DB9720026D228 /* icon_zx_pressed_pgall@3x.png in Resources */,
				71193AD21E9DB9720026D228 /* refresh1@2x.png in Resources */,
				71193AEC1E9DB9720026D228 /* img_pgsubject_searchbg@2x.png in Resources */,
				71193AED1E9DB9720026D228 /* tabbartop-line@2x.png in Resources */,
				71193ADE1E9DB9720026D228 /* icon_jx_pressed_pgall@2x.png in Resources */,
				71193AD01E9DB9720026D228 /* loading_step6@2x.png in Resources */,
				71193AF71E9DB9720026D228 /* mine_welfare_img@2x.png in Resources */,
				71193AE01E9DB9720026D228 /* icon_sq_nomal_pgall@2x.png in Resources */,
				71193AD11E9DB9720026D228 /* loading_step6@3x.png in Resources */,
				71193AC71E9DB9720026D228 /* loading_step1@3x.png in Resources */,
				71193AF41E9DB9720026D228 /* mine_gift_img@3x.png in Resources */,
				71193AF51E9DB9720026D228 /* mine_main_default_head@2x.png in Resources */,
				71193AFE1E9DB9720026D228 /* defult_pho@2x.png in Resources */,
				71193AD81E9DB9720026D228 /* refresh4@2x.png in Resources */,
				71193AE31E9DB9720026D228 /* icon_sq_pressed_pgall@3x.png in Resources */,
				71193AE71E9DB9720026D228 /* icon_w_pressed_pgall@3x.png in Resources */,
			);
			runOnlyForDeploymentPostprocessing = 0;
		};
/* End PBXResourcesBuildPhase section */

/* Begin PBXShellScriptBuildPhase section */
		551CF63F90AA4832BB6DF68E /* [CP] Check Pods Manifest.lock */ = {
			isa = PBXShellScriptBuildPhase;
			buildActionMask = 2147483647;
			files = (
			);
			inputPaths = (
			);
			name = "[CP] Check Pods Manifest.lock";
			outputPaths = (
			);
			runOnlyForDeploymentPostprocessing = 0;
			shellPath = /bin/sh;
			shellScript = "diff \"${PODS_ROOT}/../Podfile.lock\" \"${PODS_ROOT}/Manifest.lock\" > /dev/null\nif [ $? != 0 ] ; then\n    # print error to STDERR\n    echo \"error: The sandbox is not in sync with the Podfile.lock. Run 'pod install' or update your CocoaPods installation.\" >&2\n    exit 1\nfi\n";
			showEnvVarsInLog = 0;
		};
		B6D55B2C24E7C67747BD8782 /* [CP] Embed Pods Frameworks */ = {
			isa = PBXShellScriptBuildPhase;
			buildActionMask = 2147483647;
			files = (
			);
			inputPaths = (
			);
			name = "[CP] Embed Pods Frameworks";
			outputPaths = (
			);
			runOnlyForDeploymentPostprocessing = 0;
			shellPath = /bin/sh;
			shellScript = "\"${SRCROOT}/Pods/Target Support Files/Pods-XNLovePlay_Swift/Pods-XNLovePlay_Swift-frameworks.sh\"\n";
			showEnvVarsInLog = 0;
		};
		C7D150E2B935691075A1652B /* [CP] Copy Pods Resources */ = {
			isa = PBXShellScriptBuildPhase;
			buildActionMask = 2147483647;
			files = (
			);
			inputPaths = (
			);
			name = "[CP] Copy Pods Resources";
			outputPaths = (
			);
			runOnlyForDeploymentPostprocessing = 0;
			shellPath = /bin/sh;
			shellScript = "\"${SRCROOT}/Pods/Target Support Files/Pods-XNLovePlay_Swift/Pods-XNLovePlay_Swift-resources.sh\"\n";
			showEnvVarsInLog = 0;
		};
/* End PBXShellScriptBuildPhase section */

/* Begin PBXSourcesBuildPhase section */
		7175F4CD1E9CD67F0072C285 /* Sources */ = {
			isa = PBXSourcesBuildPhase;
			buildActionMask = 2147483647;
			files = (
				71193B241E9DFC7C0026D228 /* XNBaseController.swift in Sources */,
				71193B101E9DD44F0026D228 /* XNNetworkTool.swift in Sources */,
				71193B281E9DFDFB0026D228 /* XNGreatestHitsController.swift in Sources */,
				710B480F1EA05F7D0000D42D /* XNNewsVCCell.swift in Sources */,
				71193B2C1E9DFE410026D228 /* XNCommunityController.swift in Sources */,
				71856E181EA0B3110079FBD5 /* XNNewsCell_2.swift in Sources */,
				714690091EAD9CE100118B87 /* XNBaseDetailVC.swift in Sources */,
				7175F4D51E9CD67F0072C285 /* AppDelegate.swift in Sources */,
				71193B3D1E9E20FA0026D228 /* Date+Extension.swift in Sources */,
				71193B321E9E0BBD0026D228 /* XNNewsTopView.swift in Sources */,
				71193B121E9DF6240026D228 /* XNNavigationController.swift in Sources */,
				71193B2A1E9DFE1C0026D228 /* XNMineController.swift in Sources */,
				71856E141EA0ADC70079FBD5 /* XNNewsBaseController.swift in Sources */,
				710B48161EA06DFC0000D42D /* XNHandGameController.swift in Sources */,
				71856E1C1EA0B38E0079FBD5 /* XNNewsModel.swift in Sources */,
				710B48121EA06DE00000D42D /* XNHeadlineController.swift in Sources */,
				71193B0F1E9DD44F0026D228 /* UIColor-Extension.swift in Sources */,
				71193B3C1E9E20FA0026D228 /* const.swift in Sources */,
				71193B0A1E9DC7A40026D228 /* XNTabBarController.swift in Sources */,
				71856E161EA0B3060079FBD5 /* XNNewsCell_1.swift in Sources */,
				71193B301E9E090E0026D228 /* XNNewsDetailController.swift in Sources */,
				710B48141EA06DEF0000D42D /* XNNetGaemController.swift in Sources */,
				710B481C1EA06E2A0000D42D /* XNStormController.swift in Sources */,
				71193B2E1E9E02400026D228 /* XNCommon.swift in Sources */,
				71193B4A1E9E2AC60026D228 /* XNBaseVM.swift in Sources */,
				71193B411E9E20FA0026D228 /* UIView+ViewFrameGeometry.swift in Sources */,
				71193B3B1E9E20FA0026D228 /* CommonTool.swift in Sources */,
				7146900B1EAD9CFD00118B87 /* XNDetailController.swift in Sources */,
				71193B261E9DFDD10026D228 /* XNNewsController.swift in Sources */,
				71193B421E9E20FA0026D228 /* UIViewController+Extension.swift in Sources */,
				71193B3F1E9E20FA0026D228 /* UIColor+imageColor.swift in Sources */,
				71193B401E9E20FA0026D228 /* UITableView+GifRefreshHeader.swift in Sources */,
				710B48181EA06E0B0000D42D /* XNMechineController.swift in Sources */,
				71856E1A1EA0B37C0079FBD5 /* XNBaseModel.swift in Sources */,
				710B481A1EA06E1E0000D42D /* XNECController.swift in Sources */,
			);
			runOnlyForDeploymentPostprocessing = 0;
		};
/* End PBXSourcesBuildPhase section */

/* Begin XCBuildConfiguration section */
		7175F4E11E9CD67F0072C285 /* Debug */ = {
			isa = XCBuildConfiguration;
			buildSettings = {
				ALWAYS_SEARCH_USER_PATHS = NO;
				CLANG_ANALYZER_NONNULL = YES;
				CLANG_CXX_LANGUAGE_STANDARD = "gnu++0x";
				CLANG_CXX_LIBRARY = "libc++";
				CLANG_ENABLE_MODULES = YES;
				CLANG_ENABLE_OBJC_ARC = YES;
				CLANG_WARN_BOOL_CONVERSION = YES;
				CLANG_WARN_CONSTANT_CONVERSION = YES;
				CLANG_WARN_DIRECT_OBJC_ISA_USAGE = YES_ERROR;
				CLANG_WARN_DOCUMENTATION_COMMENTS = YES;
				CLANG_WARN_EMPTY_BODY = YES;
				CLANG_WARN_ENUM_CONVERSION = YES;
				CLANG_WARN_INFINITE_RECURSION = YES;
				CLANG_WARN_INT_CONVERSION = YES;
				CLANG_WARN_OBJC_ROOT_CLASS = YES_ERROR;
				CLANG_WARN_SUSPICIOUS_MOVE = YES;
				CLANG_WARN_UNREACHABLE_CODE = YES;
				CLANG_WARN__DUPLICATE_METHOD_MATCH = YES;
				"CODE_SIGN_IDENTITY[sdk=iphoneos*]" = "iPhone Developer";
				COPY_PHASE_STRIP = NO;
				DEBUG_INFORMATION_FORMAT = dwarf;
				ENABLE_STRICT_OBJC_MSGSEND = YES;
				ENABLE_TESTABILITY = YES;
				GCC_C_LANGUAGE_STANDARD = gnu99;
				GCC_DYNAMIC_NO_PIC = NO;
				GCC_NO_COMMON_BLOCKS = YES;
				GCC_OPTIMIZATION_LEVEL = 0;
				GCC_PREPROCESSOR_DEFINITIONS = (
					"DEBUG=1",
					"$(inherited)",
				);
				GCC_WARN_64_TO_32_BIT_CONVERSION = YES;
				GCC_WARN_ABOUT_RETURN_TYPE = YES_ERROR;
				GCC_WARN_UNDECLARED_SELECTOR = YES;
				GCC_WARN_UNINITIALIZED_AUTOS = YES_AGGRESSIVE;
				GCC_WARN_UNUSED_FUNCTION = YES;
				GCC_WARN_UNUSED_VARIABLE = YES;
				IPHONEOS_DEPLOYMENT_TARGET = 10.2;
				MTL_ENABLE_DEBUG_INFO = YES;
				ONLY_ACTIVE_ARCH = YES;
				SDKROOT = iphoneos;
				SWIFT_ACTIVE_COMPILATION_CONDITIONS = DEBUG;
				SWIFT_OPTIMIZATION_LEVEL = "-Onone";
			};
			name = Debug;
		};
		7175F4E21E9CD67F0072C285 /* Release */ = {
			isa = XCBuildConfiguration;
			buildSettings = {
				ALWAYS_SEARCH_USER_PATHS = NO;
				CLANG_ANALYZER_NONNULL = YES;
				CLANG_CXX_LANGUAGE_STANDARD = "gnu++0x";
				CLANG_CXX_LIBRARY = "libc++";
				CLANG_ENABLE_MODULES = YES;
				CLANG_ENABLE_OBJC_ARC = YES;
				CLANG_WARN_BOOL_CONVERSION = YES;
				CLANG_WARN_CONSTANT_CONVERSION = YES;
				CLANG_WARN_DIRECT_OBJC_ISA_USAGE = YES_ERROR;
				CLANG_WARN_DOCUMENTATION_COMMENTS = YES;
				CLANG_WARN_EMPTY_BODY = YES;
				CLANG_WARN_ENUM_CONVERSION = YES;
				CLANG_WARN_INFINITE_RECURSION = YES;
				CLANG_WARN_INT_CONVERSION = YES;
				CLANG_WARN_OBJC_ROOT_CLASS = YES_ERROR;
				CLANG_WARN_SUSPICIOUS_MOVE = YES;
				CLANG_WARN_UNREACHABLE_CODE = YES;
				CLANG_WARN__DUPLICATE_METHOD_MATCH = YES;
				"CODE_SIGN_IDENTITY[sdk=iphoneos*]" = "iPhone Developer";
				COPY_PHASE_STRIP = NO;
				DEBUG_INFORMATION_FORMAT = "dwarf-with-dsym";
				ENABLE_NS_ASSERTIONS = NO;
				ENABLE_STRICT_OBJC_MSGSEND = YES;
				GCC_C_LANGUAGE_STANDARD = gnu99;
				GCC_NO_COMMON_BLOCKS = YES;
				GCC_WARN_64_TO_32_BIT_CONVERSION = YES;
				GCC_WARN_ABOUT_RETURN_TYPE = YES_ERROR;
				GCC_WARN_UNDECLARED_SELECTOR = YES;
				GCC_WARN_UNINITIALIZED_AUTOS = YES_AGGRESSIVE;
				GCC_WARN_UNUSED_FUNCTION = YES;
				GCC_WARN_UNUSED_VARIABLE = YES;
				IPHONEOS_DEPLOYMENT_TARGET = 10.2;
				MTL_ENABLE_DEBUG_INFO = NO;
				SDKROOT = iphoneos;
				SWIFT_OPTIMIZATION_LEVEL = "-Owholemodule";
				VALIDATE_PRODUCT = YES;
			};
			name = Release;
		};
		7175F4E41E9CD67F0072C285 /* Debug */ = {
			isa = XCBuildConfiguration;
			baseConfigurationReference = 36F888C6B2CB65451008F1D8 /* Pods-XNLovePlay_Swift.debug.xcconfig */;
			buildSettings = {
				ALWAYS_EMBED_SWIFT_STANDARD_LIBRARIES = YES;
				ASSETCATALOG_COMPILER_APPICON_NAME = AppIcon;
				ASSETCATALOG_COMPILER_LAUNCHIMAGE_NAME = LaunchImage;
				CLANG_ENABLE_MODULES = YES;
				DEVELOPMENT_TEAM = Y2TKYWJ5ZW;
				INFOPLIST_FILE = XNLovePlay_Swift/Info.plist;
				LD_RUNPATH_SEARCH_PATHS = "$(inherited) @executable_path/Frameworks";
				PRODUCT_BUNDLE_IDENTIFIER = "com.XNLovePlay-Swift";
				PRODUCT_NAME = "$(TARGET_NAME)";
				SWIFT_OBJC_BRIDGING_HEADER = "";
				SWIFT_OPTIMIZATION_LEVEL = "-Onone";
				SWIFT_VERSION = 3.0;
			};
			name = Debug;
		};
		7175F4E51E9CD67F0072C285 /* Release */ = {
			isa = XCBuildConfiguration;
			baseConfigurationReference = 2AFA93E97E9869F60C27D8A8 /* Pods-XNLovePlay_Swift.release.xcconfig */;
			buildSettings = {
				ALWAYS_EMBED_SWIFT_STANDARD_LIBRARIES = YES;
				ASSETCATALOG_COMPILER_APPICON_NAME = AppIcon;
				ASSETCATALOG_COMPILER_LAUNCHIMAGE_NAME = LaunchImage;
				CLANG_ENABLE_MODULES = YES;
				DEVELOPMENT_TEAM = Y2TKYWJ5ZW;
				INFOPLIST_FILE = XNLovePlay_Swift/Info.plist;
				LD_RUNPATH_SEARCH_PATHS = "$(inherited) @executable_path/Frameworks";
				PRODUCT_BUNDLE_IDENTIFIER = "com.XNLovePlay-Swift";
				PRODUCT_NAME = "$(TARGET_NAME)";
				SWIFT_OBJC_BRIDGING_HEADER = "";
				SWIFT_VERSION = 3.0;
			};
			name = Release;
		};
/* End XCBuildConfiguration section */

/* Begin XCConfigurationList section */
		7175F4CC1E9CD67F0072C285 /* Build configuration list for PBXProject "XNLovePlay_Swift" */ = {
			isa = XCConfigurationList;
			buildConfigurations = (
				7175F4E11E9CD67F0072C285 /* Debug */,
				7175F4E21E9CD67F0072C285 /* Release */,
			);
			defaultConfigurationIsVisible = 0;
			defaultConfigurationName = Release;
		};
		7175F4E31E9CD67F0072C285 /* Build configuration list for PBXNativeTarget "XNLovePlay_Swift" */ = {
			isa = XCConfigurationList;
			buildConfigurations = (
				7175F4E41E9CD67F0072C285 /* Debug */,
				7175F4E51E9CD67F0072C285 /* Release */,
			);
			defaultConfigurationIsVisible = 0;
			defaultConfigurationName = Release;
		};
/* End XCConfigurationList section */
	};
	rootObject = 7175F4C91E9CD67F0072C285 /* Project object */;
}
